// !$*UTF8*$!
{
	archiveVersion = 1;
	classes = {
	};
	objectVersion = 51;
	objects = {

/* Begin PBXBuildFile section */
		71E3A43282A7E3D1B2587ACB /* Pods_splashTest.framework in Frameworks */ = {isa = PBXBuildFile; fileRef = 89ABB391BA78A3438ABF3924 /* Pods_splashTest.framework */; };
		D47438CC250798D0002114FE /* AppDelegate.swift in Sources */ = {isa = PBXBuildFile; fileRef = D47438CB250798D0002114FE /* AppDelegate.swift */; };
		D47438CE250798D0002114FE /* SceneDelegate.swift in Sources */ = {isa = PBXBuildFile; fileRef = D47438CD250798D0002114FE /* SceneDelegate.swift */; };
		D47438D0250798D0002114FE /* ViewController.swift in Sources */ = {isa = PBXBuildFile; fileRef = D47438CF250798D0002114FE /* ViewController.swift */; };
		D47438D3250798D0002114FE /* Main.storyboard in Resources */ = {isa = PBXBuildFile; fileRef = D47438D1250798D0002114FE /* Main.storyboard */; };
		D47438D5250798D0002114FE /* Assets.xcassets in Resources */ = {isa = PBXBuildFile; fileRef = D47438D4250798D0002114FE /* Assets.xcassets */; };
		D47438D8250798D0002114FE /* LaunchScreen.storyboard in Resources */ = {isa = PBXBuildFile; fileRef = D47438D6250798D0002114FE /* LaunchScreen.storyboard */; };
		D47438E025079917002114FE /* io_ulink_splash.gif in Resources */ = {isa = PBXBuildFile; fileRef = D47438DF25079917002114FE /* io_ulink_splash.gif */; };
		D47438E225079BDB002114FE /* ios_inventory_loading.gif in Resources */ = {isa = PBXBuildFile; fileRef = D47438E125079BDB002114FE /* ios_inventory_loading.gif */; };
/* End PBXBuildFile section */

/* Begin PBXFileReference section */
		590252247F5B591844D6351F /* Pods-splashTest.debug.xcconfig */ = {isa = PBXFileReference; includeInIndex = 1; lastKnownFileType = text.xcconfig; name = "Pods-splashTest.debug.xcconfig"; path = "Target Support Files/Pods-splashTest/Pods-splashTest.debug.xcconfig"; sourceTree = "<group>"; };
		89ABB391BA78A3438ABF3924 /* Pods_splashTest.framework */ = {isa = PBXFileReference; explicitFileType = wrapper.framework; includeInIndex = 0; path = Pods_splashTest.framework; sourceTree = BUILT_PRODUCTS_DIR; };
		D47438C8250798D0002114FE /* splashTest.app */ = {isa = PBXFileReference; explicitFileType = wrapper.application; includeInIndex = 0; path = splashTest.app; sourceTree = BUILT_PRODUCTS_DIR; };
		D47438CB250798D0002114FE /* AppDelegate.swift */ = {isa = PBXFileReference; lastKnownFileType = sourcecode.swift; path = AppDelegate.swift; sourceTree = "<group>"; };
		D47438CD250798D0002114FE /* SceneDelegate.swift */ = {isa = PBXFileReference; lastKnownFileType = sourcecode.swift; path = SceneDelegate.swift; sourceTree = "<group>"; };
		D47438CF250798D0002114FE /* ViewController.swift */ = {isa = PBXFileReference; lastKnownFileType = sourcecode.swift; path = ViewController.swift; sourceTree = "<group>"; };
		D47438D2250798D0002114FE /* Base */ = {isa = PBXFileReference; lastKnownFileType = file.storyboard; name = Base; path = Base.lproj/Main.storyboard; sourceTree = "<group>"; };
		D47438D4250798D0002114FE /* Assets.xcassets */ = {isa = PBXFileReference; lastKnownFileType = folder.assetcatalog; path = Assets.xcassets; sourceTree = "<group>"; };
		D47438D7250798D0002114FE /* Base */ = {isa = PBXFileReference; lastKnownFileType = file.storyboard; name = Base; path = Base.lproj/LaunchScreen.storyboard; sourceTree = "<group>"; };
		D47438D9250798D0002114FE /* Info.plist */ = {isa = PBXFileReference; lastKnownFileType = text.plist.xml; path = Info.plist; sourceTree = "<group>"; };
		D47438DF25079917002114FE /* io_ulink_splash.gif */ = {isa = PBXFileReference; lastKnownFileType = image.gif; path = io_ulink_splash.gif; sourceTree = "<group>"; };
		D47438E125079BDB002114FE /* ios_inventory_loading.gif */ = {isa = PBXFileReference; lastKnownFileType = image.gif; path = ios_inventory_loading.gif; sourceTree = "<group>"; };
		DA4154FB888E023849C9A01B /* Pods-splashTest.release.xcconfig */ = {isa = PBXFileReference; includeInIndex = 1; lastKnownFileType = text.xcconfig; name = "Pods-splashTest.release.xcconfig"; path = "Target Support Files/Pods-splashTest/Pods-splashTest.release.xcconfig"; sourceTree = "<group>"; };
/* End PBXFileReference section */

/* Begin PBXFrameworksBuildPhase section */
		D47438C5250798D0002114FE /* Frameworks */ = {
			isa = PBXFrameworksBuildPhase;
			buildActionMask = 2147483647;
			files = (
				71E3A43282A7E3D1B2587ACB /* Pods_splashTest.framework in Frameworks */,
			);
			runOnlyForDeploymentPostprocessing = 0;
		};
/* End PBXFrameworksBuildPhase section */

/* Begin PBXGroup section */
		4CC58615FBC5D551BDC01B71 /* Frameworks */ = {
			isa = PBXGroup;
			children = (
				89ABB391BA78A3438ABF3924 /* Pods_splashTest.framework */,
			);
			name = Frameworks;
			sourceTree = "<group>";
		};
		62CCC3F679E236482461C49E /* Pods */ = {
			isa = PBXGroup;
			children = (
				590252247F5B591844D6351F /* Pods-splashTest.debug.xcconfig */,
				DA4154FB888E023849C9A01B /* Pods-splashTest.release.xcconfig */,
			);
			path = Pods;
			sourceTree = "<group>";
		};
		D47438BF250798D0002114FE = {
			isa = PBXGroup;
			children = (
				D47438CA250798D0002114FE /* splashTest */,
				D47438C9250798D0002114FE /* Products */,
				62CCC3F679E236482461C49E /* Pods */,
				4CC58615FBC5D551BDC01B71 /* Frameworks */,
			);
			sourceTree = "<group>";
		};
		D47438C9250798D0002114FE /* Products */ = {
			isa = PBXGroup;
			children = (
				D47438C8250798D0002114FE /* splashTest.app */,
			);
			name = Products;
			sourceTree = "<group>";
		};
		D47438CA250798D0002114FE /* splashTest */ = {
			isa = PBXGroup;
			children = (
				D47438DF25079917002114FE /* io_ulink_splash.gif */,
				D47438E125079BDB002114FE /* ios_inventory_loading.gif */,
				D47438CB250798D0002114FE /* AppDelegate.swift */,
				D47438CD250798D0002114FE /* SceneDelegate.swift */,
				D47438CF250798D0002114FE /* ViewController.swift */,
				D47438D1250798D0002114FE /* Main.storyboard */,
				D47438D4250798D0002114FE /* Assets.xcassets */,
				D47438D6250798D0002114FE /* LaunchScreen.storyboard */,
				D47438D9250798D0002114FE /* Info.plist */,
			);
			path = splashTest;
			sourceTree = "<group>";
		};
/* End PBXGroup section */

/* Begin PBXNativeTarget section */
		D47438C7250798D0002114FE /* splashTest */ = {
			isa = PBXNativeTarget;
			buildConfigurationList = D47438DC250798D0002114FE /* Build configuration list for PBXNativeTarget "splashTest" */;
			buildPhases = (
				BC748C8A27D035C81E947AB2 /* [CP] Check Pods Manifest.lock */,
				D47438C4250798D0002114FE /* Sources */,
				D47438C5250798D0002114FE /* Frameworks */,
				D47438C6250798D0002114FE /* Resources */,
				3DEE28848BE385045A2A223B /* [CP] Embed Pods Frameworks */,
			);
			buildRules = (
			);
			dependencies = (
			);
			name = splashTest;
			productName = splashTest;
			productReference = D47438C8250798D0002114FE /* splashTest.app */;
			productType = "com.apple.product-type.application";
		};
/* End PBXNativeTarget section */

/* Begin PBXProject section */
		D47438C0250798D0002114FE /* Project object */ = {
			isa = PBXProject;
			attributes = {
				LastSwiftUpdateCheck = 1170;
				LastUpgradeCheck = 1170;
				ORGANIZATIONNAME = jaeyong;
				TargetAttributes = {
					D47438C7250798D0002114FE = {
						CreatedOnToolsVersion = 11.7;
					};
				};
			};
			buildConfigurationList = D47438C3250798D0002114FE /* Build configuration list for PBXProject "splashTest" */;
			compatibilityVersion = "Xcode 9.3";
			developmentRegion = en;
			hasScannedForEncodings = 0;
			knownRegions = (
				en,
				Base,
			);
			mainGroup = D47438BF250798D0002114FE;
			productRefGroup = D47438C9250798D0002114FE /* Products */;
			projectDirPath = "";
			projectRoot = "";
			targets = (
				D47438C7250798D0002114FE /* splashTest */,
			);
		};
/* End PBXProject section */

/* Begin PBXResourcesBuildPhase section */
		D47438C6250798D0002114FE /* Resources */ = {
			isa = PBXResourcesBuildPhase;
			buildActionMask = 2147483647;
			files = (
				D47438D8250798D0002114FE /* LaunchScreen.storyboard in Resources */,
				D47438D5250798D0002114FE /* Assets.xcassets in Resources */,
				D47438D3250798D0002114FE /* Main.storyboard in Resources */,
				D47438E025079917002114FE /* io_ulink_splash.gif in Resources */,
				D47438E225079BDB002114FE /* ios_inventory_loading.gif in Resources */,
			);
			runOnlyForDeploymentPostprocessing = 0;
		};
/* End PBXResourcesBuildPhase section */

/* Begin PBXShellScriptBuildPhase section */
		3DEE28848BE385045A2A223B /* [CP] Embed Pods Frameworks */ = {
			isa = PBXShellScriptBuildPhase;
			buildActionMask = 2147483647;
			files = (
			);
			inputFileListPaths = (
				"${PODS_ROOT}/Target Support Files/Pods-splashTest/Pods-splashTest-frameworks-${CONFIGURATION}-input-files.xcfilelist",
			);
			name = "[CP] Embed Pods Frameworks";
			outputFileListPaths = (
				"${PODS_ROOT}/Target Support Files/Pods-splashTest/Pods-splashTest-frameworks-${CONFIGURATION}-output-files.xcfilelist",
			);
			runOnlyForDeploymentPostprocessing = 0;
			shellPath = /bin/sh;
			shellScript = "\"${PODS_ROOT}/Target Support Files/Pods-splashTest/Pods-splashTest-frameworks.sh\"\n";
			showEnvVarsInLog = 0;
		};
		BC748C8A27D035C81E947AB2 /* [CP] Check Pods Manifest.lock */ = {
			isa = PBXShellScriptBuildPhase;
			buildActionMask = 2147483647;
			files = (
			);
			inputFileListPaths = (
			);
			inputPaths = (
				"${PODS_PODFILE_DIR_PATH}/Podfile.lock",
				"${PODS_ROOT}/Manifest.lock",
			);
			name = "[CP] Check Pods Manifest.lock";
			outputFileListPaths = (
			);
			outputPaths = (
				"$(DERIVED_FILE_DIR)/Pods-splashTest-checkManifestLockResult.txt",
			);
			runOnlyForDeploymentPostprocessing = 0;
			shellPath = /bin/sh;
			shellScript = "diff \"${PODS_PODFILE_DIR_PATH}/Podfile.lock\" \"${PODS_ROOT}/Manifest.lock\" > /dev/null\nif [ $? != 0 ] ; then\n    # print error to STDERR\n    echo \"error: The sandbox is not in sync with the Podfile.lock. Run 'pod install' or update your CocoaPods installation.\" >&2\n    exit 1\nfi\n# This output is used by Xcode 'outputs' to avoid re-running this script phase.\necho \"SUCCESS\" > \"${SCRIPT_OUTPUT_FILE_0}\"\n";
			showEnvVarsInLog = 0;
		};
/* End PBXShellScriptBuildPhase section */

/* Begin PBXSourcesBuildPhase section */
		D47438C4250798D0002114FE /* Sources */ = {
			isa = PBXSourcesBuildPhase;
			buildActionMask = 2147483647;
			files = (
				D47438D0250798D0002114FE /* ViewController.swift in Sources */,
				D47438CC250798D0002114FE /* AppDelegate.swift in Sources */,
				D47438CE250798D0002114FE /* SceneDelegate.swift in Sources */,
			);
			runOnlyForDeploymentPostprocessing = 0;
		};
/* End PBXSourcesBuildPhase section */

/* Begin PBXVariantGroup section */
		D47438D1250798D0002114FE /* Main.storyboard */ = {
			isa = PBXVariantGroup;
			children = (
				D47438D2250798D0002114FE /* Base */,
			);
			name = Main.storyboard;
			sourceTree = "<group>";
		};
		D47438D6250798D0002114FE /* LaunchScreen.storyboard */ = {
			isa = PBXVariantGroup;
			children = (
				D47438D7250798D0002114FE /* Base */,
			);
			name = LaunchScreen.storyboard;
			sourceTree = "<group>";
		};
/* End PBXVariantGroup section */

/* Begin XCBuildConfiguration section */
		D47438DA250798D0002114FE /* Debug */ = {
			isa = XCBuildConfiguration;
			buildSettings = {
				ALWAYS_SEARCH_USER_PATHS = NO;
				CLANG_ANALYZER_NONNULL = YES;
				CLANG_ANALYZER_NUMBER_OBJECT_CONVERSION = YES_AGGRESSIVE;
				CLANG_CXX_LANGUAGE_STANDARD = "gnu++14";
				CLANG_CXX_LIBRARY = "libc++";
				CLANG_ENABLE_MODULES = YES;
				CLANG_ENABLE_OBJC_ARC = YES;
				CLANG_ENABLE_OBJC_WEAK = YES;
				CLANG_WARN_BLOCK_CAPTURE_AUTORELEASING = YES;
				CLANG_WARN_BOOL_CONVERSION = YES;
				CLANG_WARN_COMMA = YES;
				CLANG_WARN_CONSTANT_CONVERSION = YES;
				CLANG_WARN_DEPRECATED_OBJC_IMPLEMENTATIONS = YES;
				CLANG_WARN_DIRECT_OBJC_ISA_USAGE = YES_ERROR;
				CLANG_WARN_DOCUMENTATION_COMMENTS = YES;
				CLANG_WARN_EMPTY_BODY = YES;
				CLANG_WARN_ENUM_CONVERSION = YES;
				CLANG_WARN_INFINITE_RECURSION = YES;
				CLANG_WARN_INT_CONVERSION = YES;
				CLANG_WARN_NON_LITERAL_NULL_CONVERSION = YES;
				CLANG_WARN_OBJC_IMPLICIT_RETAIN_SELF = YES;
				CLANG_WARN_OBJC_LITERAL_CONVERSION = YES;
				CLANG_WARN_OBJC_ROOT_CLASS = YES_ERROR;
				CLANG_WARN_RANGE_LOOP_ANALYSIS = YES;
				CLANG_WARN_STRICT_PROTOTYPES = YES;
				CLANG_WARN_SUSPICIOUS_MOVE = YES;
				CLANG_WARN_UNGUARDED_AVAILABILITY = YES_AGGRESSIVE;
				CLANG_WARN_UNREACHABLE_CODE = YES;
				CLANG_WARN__DUPLICATE_METHOD_MATCH = YES;
				COPY_PHASE_STRIP = NO;
				DEBUG_INFORMATION_FORMAT = dwarf;
				ENABLE_STRICT_OBJC_MSGSEND = YES;
				ENABLE_TESTABILITY = YES;
				GCC_C_LANGUAGE_STANDARD = gnu11;
				GCC_DYNAMIC_NO_PIC = NO;
				GCC_NO_COMMON_BLOCKS = YES;
				GCC_OPTIMIZATION_LEVEL = 0;
				GCC_PREPROCESSOR_DEFINITIONS = (
					"DEBUG=1",
					"$(inherited)",
				);
				GCC_WARN_64_TO_32_BIT_CONVERSION = YES;
				GCC_WARN_ABOUT_RETURN_TYPE = YES_ERROR;
				GCC_WARN_UNDECLARED_SELECTOR = YES;
				GCC_WARN_UNINITIALIZED_AUTOS = YES_AGGRESSIVE;
				GCC_WARN_UNUSED_FUNCTION = YES;
				GCC_WARN_UNUSED_VARIABLE = YES;
				IPHONEOS_DEPLOYMENT_TARGET = 13.7;
				MTL_ENABLE_DEBUG_INFO = INCLUDE_SOURCE;
				MTL_FAST_MATH = YES;
				ONLY_ACTIVE_ARCH = YES;
				SDKROOT = iphoneos;
				SWIFT_ACTIVE_COMPILATION_CONDITIONS = DEBUG;
				SWIFT_OPTIMIZATION_LEVEL = "-Onone";
			};
			name = Debug;
		};
		D47438DB250798D0002114FE /* Release */ = {
			isa = XCBuildConfiguration;
			buildSettings = {
				ALWAYS_SEARCH_USER_PATHS = NO;
				CLANG_ANALYZER_NONNULL = YES;
				CLANG_ANALYZER_NUMBER_OBJECT_CONVERSION = YES_AGGRESSIVE;
				CLANG_CXX_LANGUAGE_STANDARD = "gnu++14";
				CLANG_CXX_LIBRARY = "libc++";
				CLANG_ENABLE_MODULES = YES;
				CLANG_ENABLE_OBJC_ARC = YES;
				CLANG_ENABLE_OBJC_WEAK = YES;
				CLANG_WARN_BLOCK_CAPTURE_AUTORELEASING = YES;
				CLANG_WARN_BOOL_CONVERSION = YES;
				CLANG_WARN_COMMA = YES;
				CLANG_WARN_CONSTANT_CONVERSION = YES;
				CLANG_WARN_DEPRECATED_OBJC_IMPLEMENTATIONS = YES;
				CLANG_WARN_DIRECT_OBJC_ISA_USAGE = YES_ERROR;
				CLANG_WARN_DOCUMENTATION_COMMENTS = YES;
				CLANG_WARN_EMPTY_BODY = YES;
				CLANG_WARN_ENUM_CONVERSION = YES;
				CLANG_WARN_INFINITE_RECURSION = YES;
				CLANG_WARN_INT_CONVERSION = YES;
				CLANG_WARN_NON_LITERAL_NULL_CONVERSION = YES;
				CLANG_WARN_OBJC_IMPLICIT_RETAIN_SELF = YES;
				CLANG_WARN_OBJC_LITERAL_CONVERSION = YES;
				CLANG_WARN_OBJC_ROOT_CLASS = YES_ERROR;
				CLANG_WARN_RANGE_LOOP_ANALYSIS = YES;
				CLANG_WARN_STRICT_PROTOTYPES = YES;
				CLANG_WARN_SUSPICIOUS_MOVE = YES;
				CLANG_WARN_UNGUARDED_AVAILABILITY = YES_AGGRESSIVE;
				CLANG_WARN_UNREACHABLE_CODE = YES;
				CLANG_WARN__DUPLICATE_METHOD_MATCH = YES;
				COPY_PHASE_STRIP = NO;
				DEBUG_INFORMATION_FORMAT = "dwarf-with-dsym";
				ENABLE_NS_ASSERTIONS = NO;
				ENABLE_STRICT_OBJC_MSGSEND = YES;
				GCC_C_LANGUAGE_STANDARD = gnu11;
				GCC_NO_COMMON_BLOCKS = YES;
				GCC_WARN_64_TO_32_BIT_CONVERSION = YES;
				GCC_WARN_ABOUT_RETURN_TYPE = YES_ERROR;
				GCC_WARN_UNDECLARED_SELECTOR = YES;
				GCC_WARN_UNINITIALIZED_AUTOS = YES_AGGRESSIVE;
				GCC_WARN_UNUSED_FUNCTION = YES;
				GCC_WARN_UNUSED_VARIABLE = YES;
				IPHONEOS_DEPLOYMENT_TARGET = 13.7;
				MTL_ENABLE_DEBUG_INFO = NO;
				MTL_FAST_MATH = YES;
				SDKROOT = iphoneos;
				SWIFT_COMPILATION_MODE = wholemodule;
				SWIFT_OPTIMIZATION_LEVEL = "-O";
				VALIDATE_PRODUCT = YES;
			};
			name = Release;
		};
		D47438DD250798D0002114FE /* Debug */ = {
			isa = XCBuildConfiguration;
			baseConfigurationReference = 590252247F5B591844D6351F /* Pods-splashTest.debug.xcconfig */;
			buildSettings = {
				ASSETCATALOG_COMPILER_APPICON_NAME = AppIcon;
				CODE_SIGN_STYLE = Automatic;
				DEVELOPMENT_TEAM = TZVHD77BLL;
				INFOPLIST_FILE = splashTest/Info.plist;
				LD_RUNPATH_SEARCH_PATHS = (
					"$(inherited)",
					"@executable_path/Frameworks",
				);
				PRODUCT_BUNDLE_IDENTIFIER = com.jaeyong.splashTest;
				PRODUCT_NAME = "$(TARGET_NAME)";
				SWIFT_VERSION = 5.0;
				TARGETED_DEVICE_FAMILY = "1,2";
			};
			name = Debug;
		};
		D47438DE250798D0002114FE /* Release */ = {
			isa = XCBuildConfiguration;
			baseConfigurationReference = DA4154FB888E023849C9A01B /* Pods-splashTest.release.xcconfig */;
			buildSettings = {
				ASSETCATALOG_COMPILER_APPICON_NAME = AppIcon;
				CODE_SIGN_STYLE = Automatic;
				DEVELOPMENT_TEAM = TZVHD77BLL;
				INFOPLIST_FILE = splashTest/Info.plist;
				LD_RUNPATH_SEARCH_PATHS = (
					"$(inherited)",
					"@executable_path/Frameworks",
				);
				PRODUCT_BUNDLE_IDENTIFIER = com.jaeyong.splashTest;
				PRODUCT_NAME = "$(TARGET_NAME)";
				SWIFT_VERSION = 5.0;
				TARGETED_DEVICE_FAMILY = "1,2";
			};
			name = Release;
		};
/* End XCBuildConfiguration section */

/* Begin XCConfigurationList section */
		D47438C3250798D0002114FE /* Build configuration list for PBXProject "splashTest" */ = {
			isa = XCConfigurationList;
			buildConfigurations = (
				D47438DA250798D0002114FE /* Debug */,
				D47438DB250798D0002114FE /* Release */,
			);
			defaultConfigurationIsVisible = 0;
			defaultConfigurationName = Release;
		};
		D47438DC250798D0002114FE /* Build configuration list for PBXNativeTarget "splashTest" */ = {
			isa = XCConfigurationList;
			buildConfigurations = (
				D47438DD250798D0002114FE /* Debug */,
				D47438DE250798D0002114FE /* Release */,
			);
			defaultConfigurationIsVisible = 0;
			defaultConfigurationName = Release;
		};
/* End XCConfigurationList section */
	};
	rootObject = D47438C0250798D0002114FE /* Project object */;
}
