// !$*UTF8*$!
{
	archiveVersion = 1;
	classes = {
	};
	objectVersion = 50;
	objects = {

/* Begin PBXBuildFile section */
		D403FAC825075A72009C5CEE /* AppDelegate.swift in Sources */ = {isa = PBXBuildFile; fileRef = D403FAC725075A72009C5CEE /* AppDelegate.swift */; };
		D403FACA25075A72009C5CEE /* SceneDelegate.swift in Sources */ = {isa = PBXBuildFile; fileRef = D403FAC925075A72009C5CEE /* SceneDelegate.swift */; };
		D403FACC25075A72009C5CEE /* ViewController.swift in Sources */ = {isa = PBXBuildFile; fileRef = D403FACB25075A72009C5CEE /* ViewController.swift */; };
		D403FACF25075A72009C5CEE /* Main.storyboard in Resources */ = {isa = PBXBuildFile; fileRef = D403FACD25075A72009C5CEE /* Main.storyboard */; };
		D403FAD125075A72009C5CEE /* Assets.xcassets in Resources */ = {isa = PBXBuildFile; fileRef = D403FAD025075A72009C5CEE /* Assets.xcassets */; };
		D403FAD425075A72009C5CEE /* LaunchScreen.storyboard in Resources */ = {isa = PBXBuildFile; fileRef = D403FAD225075A72009C5CEE /* LaunchScreen.storyboard */; };
		D403FADE25075E11009C5CEE /* HomeViewController.swift in Sources */ = {isa = PBXBuildFile; fileRef = D403FADD25075E11009C5CEE /* HomeViewController.swift */; };
/* End PBXBuildFile section */

/* Begin PBXFileReference section */
		D403FAC425075A72009C5CEE /* LaunchScreenAnimation.app */ = {isa = PBXFileReference; explicitFileType = wrapper.application; includeInIndex = 0; path = LaunchScreenAnimation.app; sourceTree = BUILT_PRODUCTS_DIR; };
		D403FAC725075A72009C5CEE /* AppDelegate.swift */ = {isa = PBXFileReference; lastKnownFileType = sourcecode.swift; path = AppDelegate.swift; sourceTree = "<group>"; };
		D403FAC925075A72009C5CEE /* SceneDelegate.swift */ = {isa = PBXFileReference; lastKnownFileType = sourcecode.swift; path = SceneDelegate.swift; sourceTree = "<group>"; };
		D403FACB25075A72009C5CEE /* ViewController.swift */ = {isa = PBXFileReference; lastKnownFileType = sourcecode.swift; path = ViewController.swift; sourceTree = "<group>"; };
		D403FACE25075A72009C5CEE /* Base */ = {isa = PBXFileReference; lastKnownFileType = file.storyboard; name = Base; path = Base.lproj/Main.storyboard; sourceTree = "<group>"; };
		D403FAD025075A72009C5CEE /* Assets.xcassets */ = {isa = PBXFileReference; lastKnownFileType = folder.assetcatalog; path = Assets.xcassets; sourceTree = "<group>"; };
		D403FAD325075A72009C5CEE /* Base */ = {isa = PBXFileReference; lastKnownFileType = file.storyboard; name = Base; path = Base.lproj/LaunchScreen.storyboard; sourceTree = "<group>"; };
		D403FAD525075A72009C5CEE /* Info.plist */ = {isa = PBXFileReference; lastKnownFileType = text.plist.xml; path = Info.plist; sourceTree = "<group>"; };
		D403FADD25075E11009C5CEE /* HomeViewController.swift */ = {isa = PBXFileReference; lastKnownFileType = sourcecode.swift; path = HomeViewController.swift; sourceTree = "<group>"; };
/* End PBXFileReference section */

/* Begin PBXFrameworksBuildPhase section */
		D403FAC125075A72009C5CEE /* Frameworks */ = {
			isa = PBXFrameworksBuildPhase;
			buildActionMask = 2147483647;
			files = (
			);
			runOnlyForDeploymentPostprocessing = 0;
		};
/* End PBXFrameworksBuildPhase section */

/* Begin PBXGroup section */
		D403FABB25075A71009C5CEE = {
			isa = PBXGroup;
			children = (
				D403FAC625075A72009C5CEE /* LaunchScreenAnimation */,
				D403FAC525075A72009C5CEE /* Products */,
			);
			sourceTree = "<group>";
		};
		D403FAC525075A72009C5CEE /* Products */ = {
			isa = PBXGroup;
			children = (
				D403FAC425075A72009C5CEE /* LaunchScreenAnimation.app */,
			);
			name = Products;
			sourceTree = "<group>";
		};
		D403FAC625075A72009C5CEE /* LaunchScreenAnimation */ = {
			isa = PBXGroup;
			children = (
				D403FADD25075E11009C5CEE /* HomeViewController.swift */,
				D403FAC725075A72009C5CEE /* AppDelegate.swift */,
				D403FAC925075A72009C5CEE /* SceneDelegate.swift */,
				D403FACB25075A72009C5CEE /* ViewController.swift */,
				D403FACD25075A72009C5CEE /* Main.storyboard */,
				D403FAD025075A72009C5CEE /* Assets.xcassets */,
				D403FAD225075A72009C5CEE /* LaunchScreen.storyboard */,
				D403FAD525075A72009C5CEE /* Info.plist */,
			);
			path = LaunchScreenAnimation;
			sourceTree = "<group>";
		};
/* End PBXGroup section */

/* Begin PBXNativeTarget section */
		D403FAC325075A72009C5CEE /* LaunchScreenAnimation */ = {
			isa = PBXNativeTarget;
			buildConfigurationList = D403FAD825075A72009C5CEE /* Build configuration list for PBXNativeTarget "LaunchScreenAnimation" */;
			buildPhases = (
				D403FAC025075A72009C5CEE /* Sources */,
				D403FAC125075A72009C5CEE /* Frameworks */,
				D403FAC225075A72009C5CEE /* Resources */,
			);
			buildRules = (
			);
			dependencies = (
			);
			name = LaunchScreenAnimation;
			productName = LaunchScreenAnimation;
			productReference = D403FAC425075A72009C5CEE /* LaunchScreenAnimation.app */;
			productType = "com.apple.product-type.application";
		};
/* End PBXNativeTarget section */

/* Begin PBXProject section */
		D403FABC25075A71009C5CEE /* Project object */ = {
			isa = PBXProject;
			attributes = {
				LastSwiftUpdateCheck = 1170;
				LastUpgradeCheck = 1170;
				ORGANIZATIONNAME = jaeyong;
				TargetAttributes = {
					D403FAC325075A72009C5CEE = {
						CreatedOnToolsVersion = 11.7;
					};
				};
			};
			buildConfigurationList = D403FABF25075A71009C5CEE /* Build configuration list for PBXProject "LaunchScreenAnimation" */;
			compatibilityVersion = "Xcode 9.3";
			developmentRegion = en;
			hasScannedForEncodings = 0;
			knownRegions = (
				en,
				Base,
			);
			mainGroup = D403FABB25075A71009C5CEE;
			productRefGroup = D403FAC525075A72009C5CEE /* Products */;
			projectDirPath = "";
			projectRoot = "";
			targets = (
				D403FAC325075A72009C5CEE /* LaunchScreenAnimation */,
			);
		};
/* End PBXProject section */

/* Begin PBXResourcesBuildPhase section */
		D403FAC225075A72009C5CEE /* Resources */ = {
			isa = PBXResourcesBuildPhase;
			buildActionMask = 2147483647;
			files = (
				D403FAD425075A72009C5CEE /* LaunchScreen.storyboard in Resources */,
				D403FAD125075A72009C5CEE /* Assets.xcassets in Resources */,
				D403FACF25075A72009C5CEE /* Main.storyboard in Resources */,
			);
			runOnlyForDeploymentPostprocessing = 0;
		};
/* End PBXResourcesBuildPhase section */

/* Begin PBXSourcesBuildPhase section */
		D403FAC025075A72009C5CEE /* Sources */ = {
			isa = PBXSourcesBuildPhase;
			buildActionMask = 2147483647;
			files = (
				D403FACC25075A72009C5CEE /* ViewController.swift in Sources */,
				D403FAC825075A72009C5CEE /* AppDelegate.swift in Sources */,
				D403FACA25075A72009C5CEE /* SceneDelegate.swift in Sources */,
				D403FADE25075E11009C5CEE /* HomeViewController.swift in Sources */,
			);
			runOnlyForDeploymentPostprocessing = 0;
		};
/* End PBXSourcesBuildPhase section */

/* Begin PBXVariantGroup section */
		D403FACD25075A72009C5CEE /* Main.storyboard */ = {
			isa = PBXVariantGroup;
			children = (
				D403FACE25075A72009C5CEE /* Base */,
			);
			name = Main.storyboard;
			sourceTree = "<group>";
		};
		D403FAD225075A72009C5CEE /* LaunchScreen.storyboard */ = {
			isa = PBXVariantGroup;
			children = (
				D403FAD325075A72009C5CEE /* Base */,
			);
			name = LaunchScreen.storyboard;
			sourceTree = "<group>";
		};
/* End PBXVariantGroup section */

/* Begin XCBuildConfiguration section */
		D403FAD625075A72009C5CEE /* Debug */ = {
			isa = XCBuildConfiguration;
			buildSettings = {
				ALWAYS_SEARCH_USER_PATHS = NO;
				CLANG_ANALYZER_NONNULL = YES;
				CLANG_ANALYZER_NUMBER_OBJECT_CONVERSION = YES_AGGRESSIVE;
				CLANG_CXX_LANGUAGE_STANDARD = "gnu++14";
				CLANG_CXX_LIBRARY = "libc++";
				CLANG_ENABLE_MODULES = YES;
				CLANG_ENABLE_OBJC_ARC = YES;
				CLANG_ENABLE_OBJC_WEAK = YES;
				CLANG_WARN_BLOCK_CAPTURE_AUTORELEASING = YES;
				CLANG_WARN_BOOL_CONVERSION = YES;
				CLANG_WARN_COMMA = YES;
				CLANG_WARN_CONSTANT_CONVERSION = YES;
				CLANG_WARN_DEPRECATED_OBJC_IMPLEMENTATIONS = YES;
				CLANG_WARN_DIRECT_OBJC_ISA_USAGE = YES_ERROR;
				CLANG_WARN_DOCUMENTATION_COMMENTS = YES;
				CLANG_WARN_EMPTY_BODY = YES;
				CLANG_WARN_ENUM_CONVERSION = YES;
				CLANG_WARN_INFINITE_RECURSION = YES;
				CLANG_WARN_INT_CONVERSION = YES;
				CLANG_WARN_NON_LITERAL_NULL_CONVERSION = YES;
				CLANG_WARN_OBJC_IMPLICIT_RETAIN_SELF = YES;
				CLANG_WARN_OBJC_LITERAL_CONVERSION = YES;
				CLANG_WARN_OBJC_ROOT_CLASS = YES_ERROR;
				CLANG_WARN_RANGE_LOOP_ANALYSIS = YES;
				CLANG_WARN_STRICT_PROTOTYPES = YES;
				CLANG_WARN_SUSPICIOUS_MOVE = YES;
				CLANG_WARN_UNGUARDED_AVAILABILITY = YES_AGGRESSIVE;
				CLANG_WARN_UNREACHABLE_CODE = YES;
				CLANG_WARN__DUPLICATE_METHOD_MATCH = YES;
				COPY_PHASE_STRIP = NO;
				DEBUG_INFORMATION_FORMAT = dwarf;
				ENABLE_STRICT_OBJC_MSGSEND = YES;
				ENABLE_TESTABILITY = YES;
				GCC_C_LANGUAGE_STANDARD = gnu11;
				GCC_DYNAMIC_NO_PIC = NO;
				GCC_NO_COMMON_BLOCKS = YES;
				GCC_OPTIMIZATION_LEVEL = 0;
				GCC_PREPROCESSOR_DEFINITIONS = (
					"DEBUG=1",
					"$(inherited)",
				);
				GCC_WARN_64_TO_32_BIT_CONVERSION = YES;
				GCC_WARN_ABOUT_RETURN_TYPE = YES_ERROR;
				GCC_WARN_UNDECLARED_SELECTOR = YES;
				GCC_WARN_UNINITIALIZED_AUTOS = YES_AGGRESSIVE;
				GCC_WARN_UNUSED_FUNCTION = YES;
				GCC_WARN_UNUSED_VARIABLE = YES;
				IPHONEOS_DEPLOYMENT_TARGET = 13.7;
				MTL_ENABLE_DEBUG_INFO = INCLUDE_SOURCE;
				MTL_FAST_MATH = YES;
				ONLY_ACTIVE_ARCH = YES;
				SDKROOT = iphoneos;
				SWIFT_ACTIVE_COMPILATION_CONDITIONS = DEBUG;
				SWIFT_OPTIMIZATION_LEVEL = "-Onone";
			};
			name = Debug;
		};
		D403FAD725075A72009C5CEE /* Release */ = {
			isa = XCBuildConfiguration;
			buildSettings = {
				ALWAYS_SEARCH_USER_PATHS = NO;
				CLANG_ANALYZER_NONNULL = YES;
				CLANG_ANALYZER_NUMBER_OBJECT_CONVERSION = YES_AGGRESSIVE;
				CLANG_CXX_LANGUAGE_STANDARD = "gnu++14";
				CLANG_CXX_LIBRARY = "libc++";
				CLANG_ENABLE_MODULES = YES;
				CLANG_ENABLE_OBJC_ARC = YES;
				CLANG_ENABLE_OBJC_WEAK = YES;
				CLANG_WARN_BLOCK_CAPTURE_AUTORELEASING = YES;
				CLANG_WARN_BOOL_CONVERSION = YES;
				CLANG_WARN_COMMA = YES;
				CLANG_WARN_CONSTANT_CONVERSION = YES;
				CLANG_WARN_DEPRECATED_OBJC_IMPLEMENTATIONS = YES;
				CLANG_WARN_DIRECT_OBJC_ISA_USAGE = YES_ERROR;
				CLANG_WARN_DOCUMENTATION_COMMENTS = YES;
				CLANG_WARN_EMPTY_BODY = YES;
				CLANG_WARN_ENUM_CONVERSION = YES;
				CLANG_WARN_INFINITE_RECURSION = YES;
				CLANG_WARN_INT_CONVERSION = YES;
				CLANG_WARN_NON_LITERAL_NULL_CONVERSION = YES;
				CLANG_WARN_OBJC_IMPLICIT_RETAIN_SELF = YES;
				CLANG_WARN_OBJC_LITERAL_CONVERSION = YES;
				CLANG_WARN_OBJC_ROOT_CLASS = YES_ERROR;
				CLANG_WARN_RANGE_LOOP_ANALYSIS = YES;
				CLANG_WARN_STRICT_PROTOTYPES = YES;
				CLANG_WARN_SUSPICIOUS_MOVE = YES;
				CLANG_WARN_UNGUARDED_AVAILABILITY = YES_AGGRESSIVE;
				CLANG_WARN_UNREACHABLE_CODE = YES;
				CLANG_WARN__DUPLICATE_METHOD_MATCH = YES;
				COPY_PHASE_STRIP = NO;
				DEBUG_INFORMATION_FORMAT = "dwarf-with-dsym";
				ENABLE_NS_ASSERTIONS = NO;
				ENABLE_STRICT_OBJC_MSGSEND = YES;
				GCC_C_LANGUAGE_STANDARD = gnu11;
				GCC_NO_COMMON_BLOCKS = YES;
				GCC_WARN_64_TO_32_BIT_CONVERSION = YES;
				GCC_WARN_ABOUT_RETURN_TYPE = YES_ERROR;
				GCC_WARN_UNDECLARED_SELECTOR = YES;
				GCC_WARN_UNINITIALIZED_AUTOS = YES_AGGRESSIVE;
				GCC_WARN_UNUSED_FUNCTION = YES;
				GCC_WARN_UNUSED_VARIABLE = YES;
				IPHONEOS_DEPLOYMENT_TARGET = 13.7;
				MTL_ENABLE_DEBUG_INFO = NO;
				MTL_FAST_MATH = YES;
				SDKROOT = iphoneos;
				SWIFT_COMPILATION_MODE = wholemodule;
				SWIFT_OPTIMIZATION_LEVEL = "-O";
				VALIDATE_PRODUCT = YES;
			};
			name = Release;
		};
		D403FAD925075A72009C5CEE /* Debug */ = {
			isa = XCBuildConfiguration;
			buildSettings = {
				ASSETCATALOG_COMPILER_APPICON_NAME = AppIcon;
				CODE_SIGN_STYLE = Automatic;
				DEVELOPMENT_TEAM = TZVHD77BLL;
				INFOPLIST_FILE = LaunchScreenAnimation/Info.plist;
				LD_RUNPATH_SEARCH_PATHS = (
					"$(inherited)",
					"@executable_path/Frameworks",
				);
				PRODUCT_BUNDLE_IDENTIFIER = com.jaeyong.LaunchScreenAnimation;
				PRODUCT_NAME = "$(TARGET_NAME)";
				SWIFT_VERSION = 5.0;
				TARGETED_DEVICE_FAMILY = "1,2";
			};
			name = Debug;
		};
		D403FADA25075A72009C5CEE /* Release */ = {
			isa = XCBuildConfiguration;
			buildSettings = {
				ASSETCATALOG_COMPILER_APPICON_NAME = AppIcon;
				CODE_SIGN_STYLE = Automatic;
				DEVELOPMENT_TEAM = TZVHD77BLL;
				INFOPLIST_FILE = LaunchScreenAnimation/Info.plist;
				LD_RUNPATH_SEARCH_PATHS = (
					"$(inherited)",
					"@executable_path/Frameworks",
				);
				PRODUCT_BUNDLE_IDENTIFIER = com.jaeyong.LaunchScreenAnimation;
				PRODUCT_NAME = "$(TARGET_NAME)";
				SWIFT_VERSION = 5.0;
				TARGETED_DEVICE_FAMILY = "1,2";
			};
			name = Release;
		};
/* End XCBuildConfiguration section */

/* Begin XCConfigurationList section */
		D403FABF25075A71009C5CEE /* Build configuration list for PBXProject "LaunchScreenAnimation" */ = {
			isa = XCConfigurationList;
			buildConfigurations = (
				D403FAD625075A72009C5CEE /* Debug */,
				D403FAD725075A72009C5CEE /* Release */,
			);
			defaultConfigurationIsVisible = 0;
			defaultConfigurationName = Release;
		};
		D403FAD825075A72009C5CEE /* Build configuration list for PBXNativeTarget "LaunchScreenAnimation" */ = {
			isa = XCConfigurationList;
			buildConfigurations = (
				D403FAD925075A72009C5CEE /* Debug */,
				D403FADA25075A72009C5CEE /* Release */,
			);
			defaultConfigurationIsVisible = 0;
			defaultConfigurationName = Release;
		};
/* End XCConfigurationList section */
	};
	rootObject = D403FABC25075A71009C5CEE /* Project object */;
}
