// !$*UTF8*$!
{
	archiveVersion = 1;
	classes = {
	};
	objectVersion = 50;
	objects = {

/* Begin PBXBuildFile section */
		D457F15825060B30008D60FE /* AppDelegate.swift in Sources */ = {isa = PBXBuildFile; fileRef = D457F15725060B30008D60FE /* AppDelegate.swift */; };
		D457F15A25060B30008D60FE /* SceneDelegate.swift in Sources */ = {isa = PBXBuildFile; fileRef = D457F15925060B30008D60FE /* SceneDelegate.swift */; };
		D457F15C25060B30008D60FE /* ViewController.swift in Sources */ = {isa = PBXBuildFile; fileRef = D457F15B25060B30008D60FE /* ViewController.swift */; };
		D457F15F25060B30008D60FE /* Main.storyboard in Resources */ = {isa = PBXBuildFile; fileRef = D457F15D25060B30008D60FE /* Main.storyboard */; };
		D457F16125060B31008D60FE /* Assets.xcassets in Resources */ = {isa = PBXBuildFile; fileRef = D457F16025060B31008D60FE /* Assets.xcassets */; };
		D457F16425060B31008D60FE /* LaunchScreen.storyboard in Resources */ = {isa = PBXBuildFile; fileRef = D457F16225060B31008D60FE /* LaunchScreen.storyboard */; };
		D457F16C25060BA1008D60FE /* Loading.swift in Sources */ = {isa = PBXBuildFile; fileRef = D457F16B25060BA1008D60FE /* Loading.swift */; };
		D466F9832509ED9B00DFC9D9 /* OneViewController.swift in Sources */ = {isa = PBXBuildFile; fileRef = D466F9822509ED9B00DFC9D9 /* OneViewController.swift */; };
		D466F9852509EDB300DFC9D9 /* TwoViewController.swift in Sources */ = {isa = PBXBuildFile; fileRef = D466F9842509EDB300DFC9D9 /* TwoViewController.swift */; };
		D4C534932507A0E500495CE3 /* ThirdViewController.swift in Sources */ = {isa = PBXBuildFile; fileRef = D4C534922507A0E500495CE3 /* ThirdViewController.swift */; };
		D4F5DFD125079D530002352B /* NextViewController.swift in Sources */ = {isa = PBXBuildFile; fileRef = D4F5DFD025079D530002352B /* NextViewController.swift */; };
/* End PBXBuildFile section */

/* Begin PBXFileReference section */
		D457F15425060B30008D60FE /* LoadingProject.app */ = {isa = PBXFileReference; explicitFileType = wrapper.application; includeInIndex = 0; path = LoadingProject.app; sourceTree = BUILT_PRODUCTS_DIR; };
		D457F15725060B30008D60FE /* AppDelegate.swift */ = {isa = PBXFileReference; lastKnownFileType = sourcecode.swift; path = AppDelegate.swift; sourceTree = "<group>"; };
		D457F15925060B30008D60FE /* SceneDelegate.swift */ = {isa = PBXFileReference; lastKnownFileType = sourcecode.swift; path = SceneDelegate.swift; sourceTree = "<group>"; };
		D457F15B25060B30008D60FE /* ViewController.swift */ = {isa = PBXFileReference; lastKnownFileType = sourcecode.swift; path = ViewController.swift; sourceTree = "<group>"; };
		D457F15E25060B30008D60FE /* Base */ = {isa = PBXFileReference; lastKnownFileType = file.storyboard; name = Base; path = Base.lproj/Main.storyboard; sourceTree = "<group>"; };
		D457F16025060B31008D60FE /* Assets.xcassets */ = {isa = PBXFileReference; lastKnownFileType = folder.assetcatalog; path = Assets.xcassets; sourceTree = "<group>"; };
		D457F16325060B31008D60FE /* Base */ = {isa = PBXFileReference; lastKnownFileType = file.storyboard; name = Base; path = Base.lproj/LaunchScreen.storyboard; sourceTree = "<group>"; };
		D457F16525060B31008D60FE /* Info.plist */ = {isa = PBXFileReference; lastKnownFileType = text.plist.xml; path = Info.plist; sourceTree = "<group>"; };
		D457F16B25060BA1008D60FE /* Loading.swift */ = {isa = PBXFileReference; lastKnownFileType = sourcecode.swift; path = Loading.swift; sourceTree = "<group>"; };
		D466F9822509ED9B00DFC9D9 /* OneViewController.swift */ = {isa = PBXFileReference; lastKnownFileType = sourcecode.swift; path = OneViewController.swift; sourceTree = "<group>"; };
		D466F9842509EDB300DFC9D9 /* TwoViewController.swift */ = {isa = PBXFileReference; lastKnownFileType = sourcecode.swift; path = TwoViewController.swift; sourceTree = "<group>"; };
		D4C534922507A0E500495CE3 /* ThirdViewController.swift */ = {isa = PBXFileReference; lastKnownFileType = sourcecode.swift; path = ThirdViewController.swift; sourceTree = "<group>"; };
		D4F5DFD025079D530002352B /* NextViewController.swift */ = {isa = PBXFileReference; lastKnownFileType = sourcecode.swift; path = NextViewController.swift; sourceTree = "<group>"; };
/* End PBXFileReference section */

/* Begin PBXFrameworksBuildPhase section */
		D457F15125060B30008D60FE /* Frameworks */ = {
			isa = PBXFrameworksBuildPhase;
			buildActionMask = 2147483647;
			files = (
			);
			runOnlyForDeploymentPostprocessing = 0;
		};
/* End PBXFrameworksBuildPhase section */

/* Begin PBXGroup section */
		D457F14B25060B30008D60FE = {
			isa = PBXGroup;
			children = (
				D457F15625060B30008D60FE /* LoadingProject */,
				D457F15525060B30008D60FE /* Products */,
			);
			sourceTree = "<group>";
		};
		D457F15525060B30008D60FE /* Products */ = {
			isa = PBXGroup;
			children = (
				D457F15425060B30008D60FE /* LoadingProject.app */,
			);
			name = Products;
			sourceTree = "<group>";
		};
		D457F15625060B30008D60FE /* LoadingProject */ = {
			isa = PBXGroup;
			children = (
				D457F15725060B30008D60FE /* AppDelegate.swift */,
				D457F15925060B30008D60FE /* SceneDelegate.swift */,
				D457F16B25060BA1008D60FE /* Loading.swift */,
				D457F15B25060B30008D60FE /* ViewController.swift */,
				D457F15D25060B30008D60FE /* Main.storyboard */,
				D466F9842509EDB300DFC9D9 /* TwoViewController.swift */,
				D466F9822509ED9B00DFC9D9 /* OneViewController.swift */,
				D4C534922507A0E500495CE3 /* ThirdViewController.swift */,
				D4F5DFD025079D530002352B /* NextViewController.swift */,
				D457F16025060B31008D60FE /* Assets.xcassets */,
				D457F16225060B31008D60FE /* LaunchScreen.storyboard */,
				D457F16525060B31008D60FE /* Info.plist */,
			);
			path = LoadingProject;
			sourceTree = "<group>";
		};
/* End PBXGroup section */

/* Begin PBXNativeTarget section */
		D457F15325060B30008D60FE /* LoadingProject */ = {
			isa = PBXNativeTarget;
			buildConfigurationList = D457F16825060B31008D60FE /* Build configuration list for PBXNativeTarget "LoadingProject" */;
			buildPhases = (
				D457F15025060B30008D60FE /* Sources */,
				D457F15125060B30008D60FE /* Frameworks */,
				D457F15225060B30008D60FE /* Resources */,
			);
			buildRules = (
			);
			dependencies = (
			);
			name = LoadingProject;
			productName = LoadingProject;
			productReference = D457F15425060B30008D60FE /* LoadingProject.app */;
			productType = "com.apple.product-type.application";
		};
/* End PBXNativeTarget section */

/* Begin PBXProject section */
		D457F14C25060B30008D60FE /* Project object */ = {
			isa = PBXProject;
			attributes = {
				LastSwiftUpdateCheck = 1170;
				LastUpgradeCheck = 1170;
				ORGANIZATIONNAME = jaeyong;
				TargetAttributes = {
					D457F15325060B30008D60FE = {
						CreatedOnToolsVersion = 11.7;
					};
				};
			};
			buildConfigurationList = D457F14F25060B30008D60FE /* Build configuration list for PBXProject "LoadingProject" */;
			compatibilityVersion = "Xcode 9.3";
			developmentRegion = en;
			hasScannedForEncodings = 0;
			knownRegions = (
				en,
				Base,
			);
			mainGroup = D457F14B25060B30008D60FE;
			productRefGroup = D457F15525060B30008D60FE /* Products */;
			projectDirPath = "";
			projectRoot = "";
			targets = (
				D457F15325060B30008D60FE /* LoadingProject */,
			);
		};
/* End PBXProject section */

/* Begin PBXResourcesBuildPhase section */
		D457F15225060B30008D60FE /* Resources */ = {
			isa = PBXResourcesBuildPhase;
			buildActionMask = 2147483647;
			files = (
				D457F16425060B31008D60FE /* LaunchScreen.storyboard in Resources */,
				D457F16125060B31008D60FE /* Assets.xcassets in Resources */,
				D457F15F25060B30008D60FE /* Main.storyboard in Resources */,
			);
			runOnlyForDeploymentPostprocessing = 0;
		};
/* End PBXResourcesBuildPhase section */

/* Begin PBXSourcesBuildPhase section */
		D457F15025060B30008D60FE /* Sources */ = {
			isa = PBXSourcesBuildPhase;
			buildActionMask = 2147483647;
			files = (
				D4F5DFD125079D530002352B /* NextViewController.swift in Sources */,
				D457F15C25060B30008D60FE /* ViewController.swift in Sources */,
				D457F15825060B30008D60FE /* AppDelegate.swift in Sources */,
				D466F9852509EDB300DFC9D9 /* TwoViewController.swift in Sources */,
				D457F16C25060BA1008D60FE /* Loading.swift in Sources */,
				D4C534932507A0E500495CE3 /* ThirdViewController.swift in Sources */,
				D466F9832509ED9B00DFC9D9 /* OneViewController.swift in Sources */,
				D457F15A25060B30008D60FE /* SceneDelegate.swift in Sources */,
			);
			runOnlyForDeploymentPostprocessing = 0;
		};
/* End PBXSourcesBuildPhase section */

/* Begin PBXVariantGroup section */
		D457F15D25060B30008D60FE /* Main.storyboard */ = {
			isa = PBXVariantGroup;
			children = (
				D457F15E25060B30008D60FE /* Base */,
			);
			name = Main.storyboard;
			sourceTree = "<group>";
		};
		D457F16225060B31008D60FE /* LaunchScreen.storyboard */ = {
			isa = PBXVariantGroup;
			children = (
				D457F16325060B31008D60FE /* Base */,
			);
			name = LaunchScreen.storyboard;
			sourceTree = "<group>";
		};
/* End PBXVariantGroup section */

/* Begin XCBuildConfiguration section */
		D457F16625060B31008D60FE /* Debug */ = {
			isa = XCBuildConfiguration;
			buildSettings = {
				ALWAYS_SEARCH_USER_PATHS = NO;
				CLANG_ANALYZER_NONNULL = YES;
				CLANG_ANALYZER_NUMBER_OBJECT_CONVERSION = YES_AGGRESSIVE;
				CLANG_CXX_LANGUAGE_STANDARD = "gnu++14";
				CLANG_CXX_LIBRARY = "libc++";
				CLANG_ENABLE_MODULES = YES;
				CLANG_ENABLE_OBJC_ARC = YES;
				CLANG_ENABLE_OBJC_WEAK = YES;
				CLANG_WARN_BLOCK_CAPTURE_AUTORELEASING = YES;
				CLANG_WARN_BOOL_CONVERSION = YES;
				CLANG_WARN_COMMA = YES;
				CLANG_WARN_CONSTANT_CONVERSION = YES;
				CLANG_WARN_DEPRECATED_OBJC_IMPLEMENTATIONS = YES;
				CLANG_WARN_DIRECT_OBJC_ISA_USAGE = YES_ERROR;
				CLANG_WARN_DOCUMENTATION_COMMENTS = YES;
				CLANG_WARN_EMPTY_BODY = YES;
				CLANG_WARN_ENUM_CONVERSION = YES;
				CLANG_WARN_INFINITE_RECURSION = YES;
				CLANG_WARN_INT_CONVERSION = YES;
				CLANG_WARN_NON_LITERAL_NULL_CONVERSION = YES;
				CLANG_WARN_OBJC_IMPLICIT_RETAIN_SELF = YES;
				CLANG_WARN_OBJC_LITERAL_CONVERSION = YES;
				CLANG_WARN_OBJC_ROOT_CLASS = YES_ERROR;
				CLANG_WARN_RANGE_LOOP_ANALYSIS = YES;
				CLANG_WARN_STRICT_PROTOTYPES = YES;
				CLANG_WARN_SUSPICIOUS_MOVE = YES;
				CLANG_WARN_UNGUARDED_AVAILABILITY = YES_AGGRESSIVE;
				CLANG_WARN_UNREACHABLE_CODE = YES;
				CLANG_WARN__DUPLICATE_METHOD_MATCH = YES;
				COPY_PHASE_STRIP = NO;
				DEBUG_INFORMATION_FORMAT = dwarf;
				ENABLE_STRICT_OBJC_MSGSEND = YES;
				ENABLE_TESTABILITY = YES;
				GCC_C_LANGUAGE_STANDARD = gnu11;
				GCC_DYNAMIC_NO_PIC = NO;
				GCC_NO_COMMON_BLOCKS = YES;
				GCC_OPTIMIZATION_LEVEL = 0;
				GCC_PREPROCESSOR_DEFINITIONS = (
					"DEBUG=1",
					"$(inherited)",
				);
				GCC_WARN_64_TO_32_BIT_CONVERSION = YES;
				GCC_WARN_ABOUT_RETURN_TYPE = YES_ERROR;
				GCC_WARN_UNDECLARED_SELECTOR = YES;
				GCC_WARN_UNINITIALIZED_AUTOS = YES_AGGRESSIVE;
				GCC_WARN_UNUSED_FUNCTION = YES;
				GCC_WARN_UNUSED_VARIABLE = YES;
				IPHONEOS_DEPLOYMENT_TARGET = 13.7;
				MTL_ENABLE_DEBUG_INFO = INCLUDE_SOURCE;
				MTL_FAST_MATH = YES;
				ONLY_ACTIVE_ARCH = YES;
				SDKROOT = iphoneos;
				SWIFT_ACTIVE_COMPILATION_CONDITIONS = DEBUG;
				SWIFT_OPTIMIZATION_LEVEL = "-Onone";
			};
			name = Debug;
		};
		D457F16725060B31008D60FE /* Release */ = {
			isa = XCBuildConfiguration;
			buildSettings = {
				ALWAYS_SEARCH_USER_PATHS = NO;
				CLANG_ANALYZER_NONNULL = YES;
				CLANG_ANALYZER_NUMBER_OBJECT_CONVERSION = YES_AGGRESSIVE;
				CLANG_CXX_LANGUAGE_STANDARD = "gnu++14";
				CLANG_CXX_LIBRARY = "libc++";
				CLANG_ENABLE_MODULES = YES;
				CLANG_ENABLE_OBJC_ARC = YES;
				CLANG_ENABLE_OBJC_WEAK = YES;
				CLANG_WARN_BLOCK_CAPTURE_AUTORELEASING = YES;
				CLANG_WARN_BOOL_CONVERSION = YES;
				CLANG_WARN_COMMA = YES;
				CLANG_WARN_CONSTANT_CONVERSION = YES;
				CLANG_WARN_DEPRECATED_OBJC_IMPLEMENTATIONS = YES;
				CLANG_WARN_DIRECT_OBJC_ISA_USAGE = YES_ERROR;
				CLANG_WARN_DOCUMENTATION_COMMENTS = YES;
				CLANG_WARN_EMPTY_BODY = YES;
				CLANG_WARN_ENUM_CONVERSION = YES;
				CLANG_WARN_INFINITE_RECURSION = YES;
				CLANG_WARN_INT_CONVERSION = YES;
				CLANG_WARN_NON_LITERAL_NULL_CONVERSION = YES;
				CLANG_WARN_OBJC_IMPLICIT_RETAIN_SELF = YES;
				CLANG_WARN_OBJC_LITERAL_CONVERSION = YES;
				CLANG_WARN_OBJC_ROOT_CLASS = YES_ERROR;
				CLANG_WARN_RANGE_LOOP_ANALYSIS = YES;
				CLANG_WARN_STRICT_PROTOTYPES = YES;
				CLANG_WARN_SUSPICIOUS_MOVE = YES;
				CLANG_WARN_UNGUARDED_AVAILABILITY = YES_AGGRESSIVE;
				CLANG_WARN_UNREACHABLE_CODE = YES;
				CLANG_WARN__DUPLICATE_METHOD_MATCH = YES;
				COPY_PHASE_STRIP = NO;
				DEBUG_INFORMATION_FORMAT = "dwarf-with-dsym";
				ENABLE_NS_ASSERTIONS = NO;
				ENABLE_STRICT_OBJC_MSGSEND = YES;
				GCC_C_LANGUAGE_STANDARD = gnu11;
				GCC_NO_COMMON_BLOCKS = YES;
				GCC_WARN_64_TO_32_BIT_CONVERSION = YES;
				GCC_WARN_ABOUT_RETURN_TYPE = YES_ERROR;
				GCC_WARN_UNDECLARED_SELECTOR = YES;
				GCC_WARN_UNINITIALIZED_AUTOS = YES_AGGRESSIVE;
				GCC_WARN_UNUSED_FUNCTION = YES;
				GCC_WARN_UNUSED_VARIABLE = YES;
				IPHONEOS_DEPLOYMENT_TARGET = 13.7;
				MTL_ENABLE_DEBUG_INFO = NO;
				MTL_FAST_MATH = YES;
				SDKROOT = iphoneos;
				SWIFT_COMPILATION_MODE = wholemodule;
				SWIFT_OPTIMIZATION_LEVEL = "-O";
				VALIDATE_PRODUCT = YES;
			};
			name = Release;
		};
		D457F16925060B31008D60FE /* Debug */ = {
			isa = XCBuildConfiguration;
			buildSettings = {
				ASSETCATALOG_COMPILER_APPICON_NAME = AppIcon;
				CODE_SIGN_STYLE = Automatic;
				DEVELOPMENT_TEAM = TZVHD77BLL;
				INFOPLIST_FILE = LoadingProject/Info.plist;
				LD_RUNPATH_SEARCH_PATHS = (
					"$(inherited)",
					"@executable_path/Frameworks",
				);
				PRODUCT_BUNDLE_IDENTIFIER = com.jaeyong.LoadingProject;
				PRODUCT_NAME = "$(TARGET_NAME)";
				SWIFT_VERSION = 5.0;
				TARGETED_DEVICE_FAMILY = "1,2";
			};
			name = Debug;
		};
		D457F16A25060B31008D60FE /* Release */ = {
			isa = XCBuildConfiguration;
			buildSettings = {
				ASSETCATALOG_COMPILER_APPICON_NAME = AppIcon;
				CODE_SIGN_STYLE = Automatic;
				DEVELOPMENT_TEAM = TZVHD77BLL;
				INFOPLIST_FILE = LoadingProject/Info.plist;
				LD_RUNPATH_SEARCH_PATHS = (
					"$(inherited)",
					"@executable_path/Frameworks",
				);
				PRODUCT_BUNDLE_IDENTIFIER = com.jaeyong.LoadingProject;
				PRODUCT_NAME = "$(TARGET_NAME)";
				SWIFT_VERSION = 5.0;
				TARGETED_DEVICE_FAMILY = "1,2";
			};
			name = Release;
		};
/* End XCBuildConfiguration section */

/* Begin XCConfigurationList section */
		D457F14F25060B30008D60FE /* Build configuration list for PBXProject "LoadingProject" */ = {
			isa = XCConfigurationList;
			buildConfigurations = (
				D457F16625060B31008D60FE /* Debug */,
				D457F16725060B31008D60FE /* Release */,
			);
			defaultConfigurationIsVisible = 0;
			defaultConfigurationName = Release;
		};
		D457F16825060B31008D60FE /* Build configuration list for PBXNativeTarget "LoadingProject" */ = {
			isa = XCConfigurationList;
			buildConfigurations = (
				D457F16925060B31008D60FE /* Debug */,
				D457F16A25060B31008D60FE /* Release */,
			);
			defaultConfigurationIsVisible = 0;
			defaultConfigurationName = Release;
		};
/* End XCConfigurationList section */
	};
	rootObject = D457F14C25060B30008D60FE /* Project object */;
}
